{
  "version": 4,
  "terraform_version": "1.6.5",
  "serial": 10,
  "lineage": "b54749af-607d-463a-b99f-fd08497f1e06",
  "outputs": {},
  "resources": [
    {
      "mode": "managed",
      "type": "azurerm_resource_group",
      "name": "appgrp",
      "provider": "provider[\"registry.terraform.io/hashicorp/azurerm\"]",
      "instances": [
        {
          "schema_version": 0,
          "attributes": {
            "id": "/subscriptions/968f8832-5205-42de-949e-9055216e4457/resourceGroups/app-grp",
            "location": "northeurope",
            "managed_by": "",
            "name": "app-grp",
            "tags": {},
            "timeouts": null
          },
          "sensitive_attributes": [],
          "private": "eyJlMmJmYjczMC1lY2FhLTExZTYtOGY4OC0zNDM2M2JjN2M0YzAiOnsiY3JlYXRlIjo1NDAwMDAwMDAwMDAwLCJkZWxldGUiOjU0MDAwMDAwMDAwMDAsInJlYWQiOjMwMDAwMDAwMDAwMCwidXBkYXRlIjo1NDAwMDAwMDAwMDAwfX0="
        }
      ]
    },
    {
      "mode": "managed",
      "type": "azurerm_storage_account",
      "name": "appstore",
      "provider": "provider[\"registry.terraform.io/hashicorp/azurerm\"]",
      "instances": [
        {
          "schema_version": 4,
          "attributes": {
            "access_tier": "Hot",
            "account_kind": "StorageV2",
            "account_replication_type": "LRS",
            "account_tier": "Standard",
            "allow_nested_items_to_be_public": true,
            "allowed_copy_scope": "",
            "azure_files_authentication": [],
            "blob_properties": [
              {
                "change_feed_enabled": false,
                "change_feed_retention_in_days": 0,
                "container_delete_retention_policy": [],
                "cors_rule": [],
                "default_service_version": "",
                "delete_retention_policy": [],
                "last_access_time_enabled": false,
                "restore_policy": [],
                "versioning_enabled": false
              }
            ],
            "cross_tenant_replication_enabled": true,
            "custom_domain": [],
            "customer_managed_key": [],
            "default_to_oauth_authentication": false,
            "edge_zone": "",
            "enable_https_traffic_only": true,
            "id": "/subscriptions/968f8832-5205-42de-949e-9055216e4457/resourceGroups/app-grp/providers/Microsoft.Storage/storageAccounts/309lee",
            "identity": [],
            "immutability_policy": [],
            "infrastructure_encryption_enabled": false,
            "is_hns_enabled": false,
            "large_file_share_enabled": null,
            "location": "northeurope",
            "min_tls_version": "TLS1_2",
            "name": "309lee",
            "network_rules": [
              {
                "bypass": [
                  "AzureServices"
                ],
                "default_action": "Allow",
                "ip_rules": [],
                "private_link_access": [],
                "virtual_network_subnet_ids": []
              }
            ],
            "nfsv3_enabled": false,
            "primary_access_key": "2Y2jM+rjrFIMNjIir9rD/kqpgyRh3E/lnxsHzIpBPpWXgdu25qf5tVuigQ67qVuDxVV+BMJo2aLj+AStS0vdFw==",
            "primary_blob_connection_string": "DefaultEndpointsProtocol=https;BlobEndpoint=https://309lee.blob.core.windows.net/;AccountName=309lee;AccountKey=2Y2jM+rjrFIMNjIir9rD/kqpgyRh3E/lnxsHzIpBPpWXgdu25qf5tVuigQ67qVuDxVV+BMJo2aLj+AStS0vdFw==",
            "primary_blob_endpoint": "https://309lee.blob.core.windows.net/",
            "primary_blob_host": "309lee.blob.core.windows.net",
            "primary_connection_string": "DefaultEndpointsProtocol=https;AccountName=309lee;AccountKey=2Y2jM+rjrFIMNjIir9rD/kqpgyRh3E/lnxsHzIpBPpWXgdu25qf5tVuigQ67qVuDxVV+BMJo2aLj+AStS0vdFw==;EndpointSuffix=core.windows.net",
            "primary_dfs_endpoint": "https://309lee.dfs.core.windows.net/",
            "primary_dfs_host": "309lee.dfs.core.windows.net",
            "primary_file_endpoint": "https://309lee.file.core.windows.net/",
            "primary_file_host": "309lee.file.core.windows.net",
            "primary_location": "northeurope",
            "primary_queue_endpoint": "https://309lee.queue.core.windows.net/",
            "primary_queue_host": "309lee.queue.core.windows.net",
            "primary_table_endpoint": "https://309lee.table.core.windows.net/",
            "primary_table_host": "309lee.table.core.windows.net",
            "primary_web_endpoint": "https://309lee.z16.web.core.windows.net/",
            "primary_web_host": "309lee.z16.web.core.windows.net",
            "public_network_access_enabled": true,
            "queue_encryption_key_type": "Service",
            "queue_properties": [
              {
                "cors_rule": [],
                "hour_metrics": [
                  {
                    "enabled": true,
                    "include_apis": true,
                    "retention_policy_days": 7,
                    "version": "1.0"
                  }
                ],
                "logging": [
                  {
                    "delete": false,
                    "read": false,
                    "retention_policy_days": 0,
                    "version": "1.0",
                    "write": false
                  }
                ],
                "minute_metrics": [
                  {
                    "enabled": false,
                    "include_apis": false,
                    "retention_policy_days": 0,
                    "version": "1.0"
                  }
                ]
              }
            ],
            "resource_group_name": "app-grp",
            "routing": [],
            "sas_policy": [],
            "secondary_access_key": "6ZPp9FICGIz/FmwSLRaN1ZEnuCSgDOGt+0KQJKJUCixFTn80SK/dpnHBbXLFnY8Q2uNggjvVR1D++AStfv36Lw==",
            "secondary_blob_connection_string": "",
            "secondary_blob_endpoint": null,
            "secondary_blob_host": null,
            "secondary_connection_string": "DefaultEndpointsProtocol=https;AccountName=309lee;AccountKey=6ZPp9FICGIz/FmwSLRaN1ZEnuCSgDOGt+0KQJKJUCixFTn80SK/dpnHBbXLFnY8Q2uNggjvVR1D++AStfv36Lw==;EndpointSuffix=core.windows.net",
            "secondary_dfs_endpoint": null,
            "secondary_dfs_host": null,
            "secondary_file_endpoint": null,
            "secondary_file_host": null,
            "secondary_location": "",
            "secondary_queue_endpoint": null,
            "secondary_queue_host": null,
            "secondary_table_endpoint": null,
            "secondary_table_host": null,
            "secondary_web_endpoint": null,
            "secondary_web_host": null,
            "sftp_enabled": false,
            "share_properties": [
              {
                "cors_rule": [],
                "retention_policy": [
                  {
                    "days": 7
                  }
                ],
                "smb": []
              }
            ],
            "shared_access_key_enabled": true,
            "static_website": [],
            "table_encryption_key_type": "Service",
            "tags": null,
            "timeouts": null
          },
          "sensitive_attributes": [],
          "private": "eyJlMmJmYjczMC1lY2FhLTExZTYtOGY4OC0zNDM2M2JjN2M0YzAiOnsiY3JlYXRlIjozNjAwMDAwMDAwMDAwLCJkZWxldGUiOjM2MDAwMDAwMDAwMDAsInJlYWQiOjMwMDAwMDAwMDAwMCwidXBkYXRlIjozNjAwMDAwMDAwMDAwfSwic2NoZW1hX3ZlcnNpb24iOiI0In0=",
          "dependencies": [
            "azurerm_resource_group.appgrp",
            "random_integer.priority"
          ]
        }
      ]
    },
    {
      "mode": "managed",
      "type": "random_integer",
      "name": "priority",
      "provider": "provider[\"registry.terraform.io/hashicorp/random\"]",
      "instances": [
        {
          "schema_version": 0,
          "attributes": {
            "id": "309",
            "keepers": null,
            "max": 500,
            "min": 1,
            "result": 309,
            "seed": null
          },
          "sensitive_attributes": []
        }
      ]
    }
  ],
  "check_results": null
}
